
Microsoft Visual Studio Solution File, Format Version 12.00
# Visual Studio Version 17
VisualStudioVersion = 17.4.33110.190
MinimumVisualStudioVersion = 10.0.40219.1
Project("{9A19103F-16F7-4668-BE54-9A1E7A4F7556}") = "ProductMove_API", "ProductMove_API\ProductMove_API.csproj", "{AECDFA8C-C2DC-4C77-95D3-C673EFEBAAB9}"
EndProject
Project("{9A19103F-16F7-4668-BE54-9A1E7A4F7556}") = "ProductMove_Model", "ProductMove_Model\ProductMove_Model.csproj", "{FC3267BF-3E34-4095-A780-B83EF43A9CDA}"
EndProject
Project("{9A19103F-16F7-4668-BE54-9A1E7A4F7556}") = "ProductMove_App", "ProductMove_App\ProductMove_App.csproj", "{993273C7-C177-4130-9298-850C2AFF105B}"
EndProject
Global
	GlobalSection(SolutionConfigurationPlatforms) = preSolution
		Debug|Any CPU = Debug|Any CPU
		Release|Any CPU = Release|Any CPU
	EndGlobalSection
	GlobalSection(ProjectConfigurationPlatforms) = postSolution
		{AECDFA8C-C2DC-4C77-95D3-C673EFEBAAB9}.Debug|Any CPU.ActiveCfg = Debug|Any CPU
		{AECDFA8C-C2DC-4C77-95D3-C673EFEBAAB9}.Debug|Any CPU.Build.0 = Debug|Any CPU
		{AECDFA8C-C2DC-4C77-95D3-C673EFEBAAB9}.Release|Any CPU.ActiveCfg = Release|Any CPU
		{AECDFA8C-C2DC-4C77-95D3-C673EFEBAAB9}.Release|Any CPU.Build.0 = Release|Any CPU
		{FC3267BF-3E34-4095-A780-B83EF43A9CDA}.Debug|Any CPU.ActiveCfg = Debug|Any CPU
		{FC3267BF-3E34-4095-A780-B83EF43A9CDA}.Debug|Any CPU.Build.0 = Debug|Any CPU
		{FC3267BF-3E34-4095-A780-B83EF43A9CDA}.Release|Any CPU.ActiveCfg = Release|Any CPU
		{FC3267BF-3E34-4095-A780-B83EF43A9CDA}.Release|Any CPU.Build.0 = Release|Any CPU
		{993273C7-C177-4130-9298-850C2AFF105B}.Debug|Any CPU.ActiveCfg = Debug|Any CPU
		{993273C7-C177-4130-9298-850C2AFF105B}.Debug|Any CPU.Build.0 = Debug|Any CPU
		{993273C7-C177-4130-9298-850C2AFF105B}.Release|Any CPU.ActiveCfg = Release|Any CPU
		{993273C7-C177-4130-9298-850C2AFF105B}.Release|Any CPU.Build.0 = Release|Any CPU
	EndGlobalSection
	GlobalSection(SolutionProperties) = preSolution
		HideSolutionNode = FALSE
	EndGlobalSection
	GlobalSection(ExtensibilityGlobals) = postSolution
		SolutionGuid = {905BEEDF-F290-4A59-A5A5-3E448B41DDD6}
	EndGlobalSection
EndGlobal
